
Microsoft Visual Studio Solution File, Format Version 12.00
# Visual Studio Version 16
VisualStudioVersion = 16.0.29411.108
MinimumVisualStudioVersion = 10.0.40219.1
Project("{FAE04EC0-301F-11D3-BF4B-00C04F79EFBC}") = "Proyecto arbol binario", "Proyecto arbol binario\Proyecto arbol binario.csproj", "{EA219D27-542E-42D3-91BC-F38809C281BE}"
EndProject
Global
	GlobalSection(SolutionConfigurationPlatforms) = preSolution
		Debug|Any CPU = Debug|Any CPU
		Release|Any CPU = Release|Any CPU
	EndGlobalSection
	GlobalSection(ProjectConfigurationPlatforms) = postSolution
		{EA219D27-542E-42D3-91BC-F38809C281BE}.Debug|Any CPU.ActiveCfg = Debug|Any CPU
		{EA219D27-542E-42D3-91BC-F38809C281BE}.Debug|Any CPU.Build.0 = Debug|Any CPU
		{EA219D27-542E-42D3-91BC-F38809C281BE}.Release|Any CPU.ActiveCfg = Release|Any CPU
		{EA219D27-542E-42D3-91BC-F38809C281BE}.Release|Any CPU.Build.0 = Release|Any CPU
	EndGlobalSection
	GlobalSection(SolutionProperties) = preSolution
		HideSolutionNode = FALSE
	EndGlobalSection
	GlobalSection(ExtensibilityGlobals) = postSolution
		SolutionGuid = {A2F106AF-4729-4AA5-AE40-D34266D888E0}
	EndGlobalSection
EndGlobal
